{
  "version": 4,
  "terraform_version": "1.13.3",
  "serial": 7,
  "lineage": "5eb99eb5-ee3f-f4cb-c0e2-8fad662d1f16",
  "outputs": {},
  "resources": [
    {
      "mode": "managed",
      "type": "random_id",
      "name": "bucket_suffix",
      "provider": "provider[\"registry.terraform.io/hashicorp/random\"]",
      "instances": [
        {
          "schema_version": 0,
          "attributes": {
            "b64_std": "RUF/Kg==",
            "b64_url": "RUF_Kg",
            "byte_length": 4,
            "dec": "1161920298",
            "hex": "45417f2a",
            "id": "RUF_Kg",
            "keepers": null,
            "prefix": null
          },
          "sensitive_attributes": [],
          "identity_schema_version": 0
        }
      ]
    }
  ],
  "check_results": null
}
