{
  "version": 4,
  "terraform_version": "1.13.3",
  "serial": 30,
  "lineage": "5eb99eb5-ee3f-f4cb-c0e2-8fad662d1f16",
  "outputs": {
    "cognito_user_pool_id": {
      "value": "us-east-2_c5zJH8cSW",
      "type": "string"
    },
    "ecr_repository_url": {
      "value": "137390111914.dkr.ecr.us-east-2.amazonaws.com/sean-portfolio",
      "type": "string"
    },
    "s3_bucket": {
      "value": "sean-portfolio-assets-45417f2a",
      "type": "string"
    }
  },
  "resources": [
    {
      "mode": "managed",
      "type": "aws_apprunner_service",
      "name": "app",
      "provider": "provider[\"registry.terraform.io/hashicorp/aws\"]",
      "instances": [
        {
          "status": "tainted",
          "schema_version": 0,
          "attributes": {
            "arn": null,
            "auto_scaling_configuration_arn": null,
            "encryption_configuration": [],
            "health_check_configuration": null,
            "id": "arn:aws:apprunner:us-east-2:137390111914:service/sean-portfolio-app/6713b2786e3b43008fa8e0b166381677",
            "instance_configuration": [
              {
                "cpu": "1024",
                "instance_role_arn": "",
                "memory": "2048"
              }
            ],
            "network_configuration": null,
            "observability_configuration": [],
            "service_id": null,
            "service_name": "sean-portfolio-app",
            "service_url": null,
            "source_configuration": [
              {
                "authentication_configuration": [
                  {
                    "access_role_arn": "arn:aws:iam::137390111914:role/sean-portfolio-apprunner-access",
                    "connection_arn": ""
                  }
                ],
                "auto_deployments_enabled": true,
                "code_repository": [],
                "image_repository": [
                  {
                    "image_configuration": [
                      {
                        "port": "3000",
                        "runtime_environment_secrets": null,
                        "runtime_environment_variables": null,
                        "start_command": ""
                      }
                    ],
                    "image_identifier": "137390111914.dkr.ecr.us-east-2.amazonaws.com/sean-portfolio:latest",
                    "image_repository_type": "ECR"
                  }
                ]
              }
            ],
            "status": null,
            "tags": {
              "Name": "sean-portfolio-apprunner"
            },
            "tags_all": {
              "Name": "sean-portfolio-apprunner"
            }
          },
          "sensitive_attributes": [],
          "identity_schema_version": 0,
          "private": "bnVsbA==",
          "dependencies": [
            "aws_ecr_repository.app_repo",
            "aws_iam_role.apprunner_access"
          ]
        }
      ]
    },
    {
      "mode": "managed",
      "type": "aws_cognito_user_pool",
      "name": "main",
      "provider": "provider[\"registry.terraform.io/hashicorp/aws\"]",
      "instances": [
        {
          "schema_version": 0,
          "attributes": {
            "account_recovery_setting": [
              {
                "recovery_mechanism": [
                  {
                    "name": "verified_email",
                    "priority": 1
                  },
                  {
                    "name": "verified_phone_number",
                    "priority": 2
                  }
                ]
              }
            ],
            "admin_create_user_config": [
              {
                "allow_admin_create_user_only": false,
                "invite_message_template": []
              }
            ],
            "alias_attributes": null,
            "arn": "arn:aws:cognito-idp:us-east-2:137390111914:userpool/us-east-2_c5zJH8cSW",
            "auto_verified_attributes": [
              "email"
            ],
            "creation_date": "2025-10-15T03:23:11Z",
            "custom_domain": "",
            "deletion_protection": "INACTIVE",
            "device_configuration": [],
            "domain": "",
            "email_configuration": [
              {
                "configuration_set": "",
                "email_sending_account": "COGNITO_DEFAULT",
                "from_email_address": "",
                "reply_to_email_address": "",
                "source_arn": ""
              }
            ],
            "email_mfa_configuration": [],
            "email_verification_message": "",
            "email_verification_subject": "",
            "endpoint": "cognito-idp.us-east-2.amazonaws.com/us-east-2_c5zJH8cSW",
            "estimated_number_of_users": 0,
            "id": "us-east-2_c5zJH8cSW",
            "lambda_config": [],
            "last_modified_date": "2025-10-15T03:23:11Z",
            "mfa_configuration": "OFF",
            "name": "sean-portfolio-users",
            "password_policy": [
              {
                "minimum_length": 8,
                "password_history_size": 0,
                "require_lowercase": true,
                "require_numbers": true,
                "require_symbols": true,
                "require_uppercase": true,
                "temporary_password_validity_days": 7
              }
            ],
            "schema": [],
            "sign_in_policy": [
              {
                "allowed_first_auth_factors": [
                  "PASSWORD"
                ]
              }
            ],
            "sms_authentication_message": "",
            "sms_configuration": [],
            "sms_verification_message": "",
            "software_token_mfa_configuration": [],
            "tags": null,
            "tags_all": {},
            "user_attribute_update_settings": [],
            "user_pool_add_ons": [],
            "user_pool_tier": "ESSENTIALS",
            "username_attributes": null,
            "username_configuration": [],
            "verification_message_template": [
              {
                "default_email_option": "CONFIRM_WITH_CODE",
                "email_message": "",
                "email_message_by_link": "",
                "email_subject": "",
                "email_subject_by_link": "",
                "sms_message": ""
              }
            ],
            "web_authn_configuration": []
          },
          "sensitive_attributes": [],
          "identity_schema_version": 0,
          "private": "bnVsbA=="
        }
      ]
    },
    {
      "mode": "managed",
      "type": "aws_cognito_user_pool_client",
      "name": "client",
      "provider": "provider[\"registry.terraform.io/hashicorp/aws\"]",
      "instances": [
        {
          "schema_version": 0,
          "attributes": {
            "access_token_validity": 0,
            "allowed_oauth_flows": [],
            "allowed_oauth_flows_user_pool_client": false,
            "allowed_oauth_scopes": [],
            "analytics_configuration": [],
            "auth_session_validity": 3,
            "callback_urls": [],
            "client_secret": "",
            "default_redirect_uri": "",
            "enable_propagate_additional_user_context_data": false,
            "enable_token_revocation": true,
            "explicit_auth_flows": [
              "ALLOW_REFRESH_TOKEN_AUTH",
              "ALLOW_USER_PASSWORD_AUTH"
            ],
            "generate_secret": null,
            "id": "7j2dvi1d3dsvm5fjkufiq057bv",
            "id_token_validity": 0,
            "logout_urls": [],
            "name": "sean-portfolio-app-client",
            "prevent_user_existence_errors": "ENABLED",
            "read_attributes": [],
            "refresh_token_rotation": [],
            "refresh_token_validity": 30,
            "supported_identity_providers": [],
            "token_validity_units": [],
            "user_pool_id": "us-east-2_c5zJH8cSW",
            "write_attributes": []
          },
          "sensitive_attributes": [
            [
              {
                "type": "get_attr",
                "value": "client_secret"
              }
            ]
          ],
          "identity_schema_version": 0,
          "dependencies": [
            "aws_cognito_user_pool.main"
          ]
        }
      ]
    },
    {
      "mode": "managed",
      "type": "aws_ecr_repository",
      "name": "app_repo",
      "provider": "provider[\"registry.terraform.io/hashicorp/aws\"]",
      "instances": [
        {
          "schema_version": 0,
          "attributes": {
            "arn": "arn:aws:ecr:us-east-2:137390111914:repository/sean-portfolio",
            "encryption_configuration": [
              {
                "encryption_type": "AES256",
                "kms_key": ""
              }
            ],
            "force_delete": null,
            "id": "sean-portfolio",
            "image_scanning_configuration": [
              {
                "scan_on_push": true
              }
            ],
            "image_tag_mutability": "MUTABLE",
            "name": "sean-portfolio",
            "registry_id": "137390111914",
            "repository_url": "137390111914.dkr.ecr.us-east-2.amazonaws.com/sean-portfolio",
            "tags": {
              "Name": "sean-portfolio-ecr"
            },
            "tags_all": {
              "Name": "sean-portfolio-ecr"
            },
            "timeouts": null
          },
          "sensitive_attributes": [],
          "identity_schema_version": 0,
          "private": "eyJlMmJmYjczMC1lY2FhLTExZTYtOGY4OC0zNDM2M2JjN2M0YzAiOnsiZGVsZXRlIjoxMjAwMDAwMDAwMDAwfX0="
        }
      ]
    },
    {
      "mode": "managed",
      "type": "aws_iam_role",
      "name": "apprunner_access",
      "provider": "provider[\"registry.terraform.io/hashicorp/aws\"]",
      "instances": [
        {
          "schema_version": 0,
          "attributes": {
            "arn": "arn:aws:iam::137390111914:role/sean-portfolio-apprunner-access",
            "assume_role_policy": "{\"Statement\":[{\"Action\":\"sts:AssumeRole\",\"Effect\":\"Allow\",\"Principal\":{\"Service\":\"build.apprunner.amazonaws.com\"}}],\"Version\":\"2012-10-17\"}",
            "create_date": "2025-10-15T03:23:10Z",
            "description": "",
            "force_detach_policies": false,
            "id": "sean-portfolio-apprunner-access",
            "inline_policy": [],
            "managed_policy_arns": [],
            "max_session_duration": 3600,
            "name": "sean-portfolio-apprunner-access",
            "name_prefix": "",
            "path": "/",
            "permissions_boundary": "",
            "tags": null,
            "tags_all": {},
            "unique_id": "AROAR77IWXSVCIJT2HCRW"
          },
          "sensitive_attributes": [],
          "identity_schema_version": 0,
          "private": "bnVsbA=="
        }
      ]
    },
    {
      "mode": "managed",
      "type": "aws_iam_role",
      "name": "rds_proxy_role",
      "provider": "provider[\"registry.terraform.io/hashicorp/aws\"]",
      "instances": [
        {
          "schema_version": 0,
          "attributes": {
            "arn": "arn:aws:iam::137390111914:role/sean-portfolio-rds-proxy-role",
            "assume_role_policy": "{\"Statement\":[{\"Action\":\"sts:AssumeRole\",\"Effect\":\"Allow\",\"Principal\":{\"Service\":\"rds.amazonaws.com\"}}],\"Version\":\"2012-10-17\"}",
            "create_date": "2025-10-15T03:23:10Z",
            "description": "",
            "force_detach_policies": false,
            "id": "sean-portfolio-rds-proxy-role",
            "inline_policy": [],
            "managed_policy_arns": [],
            "max_session_duration": 3600,
            "name": "sean-portfolio-rds-proxy-role",
            "name_prefix": "",
            "path": "/",
            "permissions_boundary": "",
            "tags": null,
            "tags_all": {},
            "unique_id": "AROAR77IWXSVGNUFABMZX"
          },
          "sensitive_attributes": [],
          "identity_schema_version": 0,
          "private": "bnVsbA=="
        }
      ]
    },
    {
      "mode": "managed",
      "type": "aws_iam_role_policy_attachment",
      "name": "apprunner_access",
      "provider": "provider[\"registry.terraform.io/hashicorp/aws\"]",
      "instances": [
        {
          "schema_version": 0,
          "attributes": {
            "id": "sean-portfolio-apprunner-access-20251015032311152300000003",
            "policy_arn": "arn:aws:iam::aws:policy/service-role/AWSAppRunnerServicePolicyForECRAccess",
            "role": "sean-portfolio-apprunner-access"
          },
          "sensitive_attributes": [],
          "identity_schema_version": 0,
          "private": "bnVsbA==",
          "dependencies": [
            "aws_iam_role.apprunner_access"
          ]
        }
      ]
    },
    {
      "mode": "managed",
      "type": "aws_internet_gateway",
      "name": "igw",
      "provider": "provider[\"registry.terraform.io/hashicorp/aws\"]",
      "instances": [
        {
          "schema_version": 0,
          "attributes": {
            "arn": "arn:aws:ec2:us-east-2:137390111914:internet-gateway/igw-044d4b283c5b9f8a5",
            "id": "igw-044d4b283c5b9f8a5",
            "owner_id": "137390111914",
            "tags": {
              "Name": "sean-portfolio-igw"
            },
            "tags_all": {
              "Name": "sean-portfolio-igw"
            },
            "timeouts": null,
            "vpc_id": "vpc-0bb15c8f193d48da3"
          },
          "sensitive_attributes": [],
          "identity_schema_version": 0,
          "private": "eyJlMmJmYjczMC1lY2FhLTExZTYtOGY4OC0zNDM2M2JjN2M0YzAiOnsiY3JlYXRlIjoxMjAwMDAwMDAwMDAwLCJkZWxldGUiOjEyMDAwMDAwMDAwMDAsInVwZGF0ZSI6MTIwMDAwMDAwMDAwMH19",
          "dependencies": [
            "aws_vpc.main"
          ]
        }
      ]
    },
    {
      "mode": "managed",
      "type": "aws_route_table",
      "name": "public",
      "provider": "provider[\"registry.terraform.io/hashicorp/aws\"]",
      "instances": [
        {
          "schema_version": 0,
          "attributes": {
            "arn": "arn:aws:ec2:us-east-2:137390111914:route-table/rtb-060f78279cda9c253",
            "id": "rtb-060f78279cda9c253",
            "owner_id": "137390111914",
            "propagating_vgws": [],
            "route": [
              {
                "carrier_gateway_id": "",
                "cidr_block": "0.0.0.0/0",
                "core_network_arn": "",
                "destination_prefix_list_id": "",
                "egress_only_gateway_id": "",
                "gateway_id": "igw-044d4b283c5b9f8a5",
                "ipv6_cidr_block": "",
                "local_gateway_id": "",
                "nat_gateway_id": "",
                "network_interface_id": "",
                "transit_gateway_id": "",
                "vpc_endpoint_id": "",
                "vpc_peering_connection_id": ""
              }
            ],
            "tags": {
              "Name": "sean-portfolio-public-rt"
            },
            "tags_all": {
              "Name": "sean-portfolio-public-rt"
            },
            "timeouts": null,
            "vpc_id": "vpc-0bb15c8f193d48da3"
          },
          "sensitive_attributes": [],
          "identity_schema_version": 0,
          "private": "eyJlMmJmYjczMC1lY2FhLTExZTYtOGY4OC0zNDM2M2JjN2M0YzAiOnsiY3JlYXRlIjozMDAwMDAwMDAwMDAsImRlbGV0ZSI6MzAwMDAwMDAwMDAwLCJ1cGRhdGUiOjEyMDAwMDAwMDAwMH19",
          "dependencies": [
            "aws_internet_gateway.igw",
            "aws_vpc.main"
          ]
        }
      ]
    },
    {
      "mode": "managed",
      "type": "aws_route_table_association",
      "name": "public_assoc",
      "provider": "provider[\"registry.terraform.io/hashicorp/aws\"]",
      "instances": [
        {
          "index_key": "0",
          "schema_version": 0,
          "attributes": {
            "gateway_id": "",
            "id": "rtbassoc-0f56de4abee2dcf44",
            "route_table_id": "rtb-060f78279cda9c253",
            "subnet_id": "subnet-0d8fdb930dcbf3ebc",
            "timeouts": null
          },
          "sensitive_attributes": [],
          "identity_schema_version": 0,
          "private": "eyJlMmJmYjczMC1lY2FhLTExZTYtOGY4OC0zNDM2M2JjN2M0YzAiOnsiY3JlYXRlIjozMDAwMDAwMDAwMDAsImRlbGV0ZSI6MzAwMDAwMDAwMDAwLCJ1cGRhdGUiOjEyMDAwMDAwMDAwMH19",
          "dependencies": [
            "aws_internet_gateway.igw",
            "aws_route_table.public",
            "aws_subnet.public",
            "aws_vpc.main"
          ]
        },
        {
          "index_key": "1",
          "schema_version": 0,
          "attributes": {
            "gateway_id": "",
            "id": "rtbassoc-04bc12a919f1c487e",
            "route_table_id": "rtb-060f78279cda9c253",
            "subnet_id": "subnet-0ff24c494e81f0a0d",
            "timeouts": null
          },
          "sensitive_attributes": [],
          "identity_schema_version": 0,
          "private": "eyJlMmJmYjczMC1lY2FhLTExZTYtOGY4OC0zNDM2M2JjN2M0YzAiOnsiY3JlYXRlIjozMDAwMDAwMDAwMDAsImRlbGV0ZSI6MzAwMDAwMDAwMDAwLCJ1cGRhdGUiOjEyMDAwMDAwMDAwMH19",
          "dependencies": [
            "aws_internet_gateway.igw",
            "aws_route_table.public",
            "aws_subnet.public",
            "aws_vpc.main"
          ]
        }
      ]
    },
    {
      "mode": "managed",
      "type": "aws_s3_bucket",
      "name": "assets",
      "provider": "provider[\"registry.terraform.io/hashicorp/aws\"]",
      "instances": [
        {
          "schema_version": 0,
          "attributes": {
            "acceleration_status": "",
            "acl": null,
            "arn": "arn:aws:s3:::sean-portfolio-assets-45417f2a",
            "bucket": "sean-portfolio-assets-45417f2a",
            "bucket_domain_name": "sean-portfolio-assets-45417f2a.s3.amazonaws.com",
            "bucket_prefix": "",
            "bucket_regional_domain_name": "sean-portfolio-assets-45417f2a.s3.us-east-2.amazonaws.com",
            "cors_rule": [],
            "force_destroy": true,
            "grant": [
              {
                "id": "7f3c0f95894bd8c8eb1f4fe60f6af049bf47cfde62637d30b446392c70c7f132",
                "permissions": [
                  "FULL_CONTROL"
                ],
                "type": "CanonicalUser",
                "uri": ""
              }
            ],
            "hosted_zone_id": "Z2O1EMRO9K5GLX",
            "id": "sean-portfolio-assets-45417f2a",
            "lifecycle_rule": [],
            "logging": [],
            "object_lock_configuration": [],
            "object_lock_enabled": false,
            "policy": "",
            "region": "us-east-2",
            "replication_configuration": [],
            "request_payer": "BucketOwner",
            "server_side_encryption_configuration": [
              {
                "rule": [
                  {
                    "apply_server_side_encryption_by_default": [
                      {
                        "kms_master_key_id": "",
                        "sse_algorithm": "AES256"
                      }
                    ],
                    "bucket_key_enabled": false
                  }
                ]
              }
            ],
            "tags": {
              "Name": "sean-portfolio-assets"
            },
            "tags_all": {
              "Name": "sean-portfolio-assets"
            },
            "timeouts": null,
            "versioning": [
              {
                "enabled": false,
                "mfa_delete": false
              }
            ],
            "website": [],
            "website_domain": null,
            "website_endpoint": null
          },
          "sensitive_attributes": [],
          "identity_schema_version": 0,
          "private": "eyJlMmJmYjczMC1lY2FhLTExZTYtOGY4OC0zNDM2M2JjN2M0YzAiOnsiY3JlYXRlIjoxMjAwMDAwMDAwMDAwLCJkZWxldGUiOjM2MDAwMDAwMDAwMDAsInJlYWQiOjEyMDAwMDAwMDAwMDAsInVwZGF0ZSI6MTIwMDAwMDAwMDAwMH19",
          "dependencies": [
            "random_id.bucket_suffix"
          ]
        }
      ]
    },
    {
      "mode": "managed",
      "type": "aws_secretsmanager_secret",
      "name": "db_credentials",
      "provider": "provider[\"registry.terraform.io/hashicorp/aws\"]",
      "instances": [
        {
          "schema_version": 0,
          "attributes": {
            "arn": "arn:aws:secretsmanager:us-east-2:137390111914:secret:sean-portfolio-db-credentials-IuhN83",
            "description": "",
            "force_overwrite_replica_secret": false,
            "id": "arn:aws:secretsmanager:us-east-2:137390111914:secret:sean-portfolio-db-credentials-IuhN83",
            "kms_key_id": "",
            "name": "sean-portfolio-db-credentials",
            "name_prefix": "",
            "policy": "",
            "recovery_window_in_days": 30,
            "replica": [],
            "tags": null,
            "tags_all": {}
          },
          "sensitive_attributes": [],
          "identity_schema_version": 0,
          "private": "bnVsbA=="
        }
      ]
    },
    {
      "mode": "managed",
      "type": "aws_secretsmanager_secret_version",
      "name": "db_credentials",
      "provider": "provider[\"registry.terraform.io/hashicorp/aws\"]",
      "instances": [
        {
          "status": "tainted",
          "schema_version": 0,
          "attributes": {
            "arn": null,
            "has_secret_string_wo": null,
            "id": "arn:aws:secretsmanager:us-east-2:137390111914:secret:sean-portfolio-db-credentials-IuhN83|terraform-20251015032310875300000002",
            "secret_binary": null,
            "secret_id": "arn:aws:secretsmanager:us-east-2:137390111914:secret:sean-portfolio-db-credentials-IuhN83",
            "secret_string": "{\"password\":\"sean123\",\"username\":\"sean\"}",
            "secret_string_wo": null,
            "secret_string_wo_version": null,
            "version_id": null,
            "version_stages": []
          },
          "sensitive_attributes": [
            [
              {
                "type": "get_attr",
                "value": "secret_binary"
              }
            ],
            [
              {
                "type": "get_attr",
                "value": "secret_string"
              }
            ],
            [
              {
                "type": "get_attr",
                "value": "secret_string_wo"
              }
            ]
          ],
          "identity_schema_version": 0,
          "private": "bnVsbA==",
          "dependencies": [
            "aws_secretsmanager_secret.db_credentials"
          ]
        }
      ]
    },
    {
      "mode": "managed",
      "type": "aws_security_group",
      "name": "rds",
      "provider": "provider[\"registry.terraform.io/hashicorp/aws\"]",
      "instances": [
        {
          "schema_version": 1,
          "attributes": {
            "arn": "arn:aws:ec2:us-east-2:137390111914:security-group/sg-0e990b6a9e4d92ffc",
            "description": "Managed by Terraform",
            "egress": [
              {
                "cidr_blocks": [
                  "0.0.0.0/0"
                ],
                "description": "",
                "from_port": 0,
                "ipv6_cidr_blocks": [],
                "prefix_list_ids": [],
                "protocol": "-1",
                "security_groups": [],
                "self": false,
                "to_port": 0
              }
            ],
            "id": "sg-0e990b6a9e4d92ffc",
            "ingress": [
              {
                "cidr_blocks": [
                  "10.0.0.0/16"
                ],
                "description": "",
                "from_port": 5432,
                "ipv6_cidr_blocks": [],
                "prefix_list_ids": [],
                "protocol": "tcp",
                "security_groups": [],
                "self": false,
                "to_port": 5432
              }
            ],
            "name": "sean-portfolio-rds-sg",
            "name_prefix": "",
            "owner_id": "137390111914",
            "revoke_rules_on_delete": false,
            "tags": {
              "Name": "sean-portfolio-rds-sg"
            },
            "tags_all": {
              "Name": "sean-portfolio-rds-sg"
            },
            "timeouts": null,
            "vpc_id": "vpc-0bb15c8f193d48da3"
          },
          "sensitive_attributes": [],
          "identity_schema_version": 0,
          "private": "eyJlMmJmYjczMC1lY2FhLTExZTYtOGY4OC0zNDM2M2JjN2M0YzAiOnsiY3JlYXRlIjo2MDAwMDAwMDAwMDAsImRlbGV0ZSI6OTAwMDAwMDAwMDAwfSwic2NoZW1hX3ZlcnNpb24iOiIxIn0=",
          "dependencies": [
            "aws_vpc.main"
          ]
        }
      ]
    },
    {
      "mode": "managed",
      "type": "aws_subnet",
      "name": "private",
      "provider": "provider[\"registry.terraform.io/hashicorp/aws\"]",
      "instances": [
        {
          "index_key": "0",
          "schema_version": 1,
          "attributes": {
            "arn": "arn:aws:ec2:us-east-2:137390111914:subnet/subnet-04a9b553fe8a930bd",
            "assign_ipv6_address_on_creation": false,
            "availability_zone": "us-east-2b",
            "availability_zone_id": "use2-az2",
            "cidr_block": "10.0.101.0/24",
            "customer_owned_ipv4_pool": "",
            "enable_dns64": false,
            "enable_lni_at_device_index": 0,
            "enable_resource_name_dns_a_record_on_launch": false,
            "enable_resource_name_dns_aaaa_record_on_launch": false,
            "id": "subnet-04a9b553fe8a930bd",
            "ipv6_cidr_block": "",
            "ipv6_cidr_block_association_id": "",
            "ipv6_native": false,
            "map_customer_owned_ip_on_launch": false,
            "map_public_ip_on_launch": false,
            "outpost_arn": "",
            "owner_id": "137390111914",
            "private_dns_hostname_type_on_launch": "ip-name",
            "tags": {
              "Name": "sean-portfolio-private-0"
            },
            "tags_all": {
              "Name": "sean-portfolio-private-0"
            },
            "timeouts": null,
            "vpc_id": "vpc-0bb15c8f193d48da3"
          },
          "sensitive_attributes": [],
          "identity_schema_version": 0,
          "private": "eyJlMmJmYjczMC1lY2FhLTExZTYtOGY4OC0zNDM2M2JjN2M0YzAiOnsiY3JlYXRlIjo2MDAwMDAwMDAwMDAsImRlbGV0ZSI6MTIwMDAwMDAwMDAwMH0sInNjaGVtYV92ZXJzaW9uIjoiMSJ9",
          "dependencies": [
            "aws_vpc.main"
          ]
        },
        {
          "index_key": "1",
          "schema_version": 1,
          "attributes": {
            "arn": "arn:aws:ec2:us-east-2:137390111914:subnet/subnet-02862583fdb07b1a1",
            "assign_ipv6_address_on_creation": false,
            "availability_zone": "us-east-2b",
            "availability_zone_id": "use2-az2",
            "cidr_block": "10.0.102.0/24",
            "customer_owned_ipv4_pool": "",
            "enable_dns64": false,
            "enable_lni_at_device_index": 0,
            "enable_resource_name_dns_a_record_on_launch": false,
            "enable_resource_name_dns_aaaa_record_on_launch": false,
            "id": "subnet-02862583fdb07b1a1",
            "ipv6_cidr_block": "",
            "ipv6_cidr_block_association_id": "",
            "ipv6_native": false,
            "map_customer_owned_ip_on_launch": false,
            "map_public_ip_on_launch": false,
            "outpost_arn": "",
            "owner_id": "137390111914",
            "private_dns_hostname_type_on_launch": "ip-name",
            "tags": {
              "Name": "sean-portfolio-private-1"
            },
            "tags_all": {
              "Name": "sean-portfolio-private-1"
            },
            "timeouts": null,
            "vpc_id": "vpc-0bb15c8f193d48da3"
          },
          "sensitive_attributes": [],
          "identity_schema_version": 0,
          "private": "eyJlMmJmYjczMC1lY2FhLTExZTYtOGY4OC0zNDM2M2JjN2M0YzAiOnsiY3JlYXRlIjo2MDAwMDAwMDAwMDAsImRlbGV0ZSI6MTIwMDAwMDAwMDAwMH0sInNjaGVtYV92ZXJzaW9uIjoiMSJ9",
          "dependencies": [
            "aws_vpc.main"
          ]
        }
      ]
    },
    {
      "mode": "managed",
      "type": "aws_subnet",
      "name": "public",
      "provider": "provider[\"registry.terraform.io/hashicorp/aws\"]",
      "instances": [
        {
          "index_key": "0",
          "schema_version": 1,
          "attributes": {
            "arn": "arn:aws:ec2:us-east-2:137390111914:subnet/subnet-0d8fdb930dcbf3ebc",
            "assign_ipv6_address_on_creation": false,
            "availability_zone": "us-east-2b",
            "availability_zone_id": "use2-az2",
            "cidr_block": "10.0.1.0/24",
            "customer_owned_ipv4_pool": "",
            "enable_dns64": false,
            "enable_lni_at_device_index": 0,
            "enable_resource_name_dns_a_record_on_launch": false,
            "enable_resource_name_dns_aaaa_record_on_launch": false,
            "id": "subnet-0d8fdb930dcbf3ebc",
            "ipv6_cidr_block": "",
            "ipv6_cidr_block_association_id": "",
            "ipv6_native": false,
            "map_customer_owned_ip_on_launch": false,
            "map_public_ip_on_launch": true,
            "outpost_arn": "",
            "owner_id": "137390111914",
            "private_dns_hostname_type_on_launch": "ip-name",
            "tags": {
              "Name": "sean-portfolio-public-0"
            },
            "tags_all": {
              "Name": "sean-portfolio-public-0"
            },
            "timeouts": null,
            "vpc_id": "vpc-0bb15c8f193d48da3"
          },
          "sensitive_attributes": [],
          "identity_schema_version": 0,
          "private": "eyJlMmJmYjczMC1lY2FhLTExZTYtOGY4OC0zNDM2M2JjN2M0YzAiOnsiY3JlYXRlIjo2MDAwMDAwMDAwMDAsImRlbGV0ZSI6MTIwMDAwMDAwMDAwMH0sInNjaGVtYV92ZXJzaW9uIjoiMSJ9",
          "dependencies": [
            "aws_vpc.main"
          ]
        },
        {
          "index_key": "1",
          "schema_version": 1,
          "attributes": {
            "arn": "arn:aws:ec2:us-east-2:137390111914:subnet/subnet-0ff24c494e81f0a0d",
            "assign_ipv6_address_on_creation": false,
            "availability_zone": "us-east-2b",
            "availability_zone_id": "use2-az2",
            "cidr_block": "10.0.2.0/24",
            "customer_owned_ipv4_pool": "",
            "enable_dns64": false,
            "enable_lni_at_device_index": 0,
            "enable_resource_name_dns_a_record_on_launch": false,
            "enable_resource_name_dns_aaaa_record_on_launch": false,
            "id": "subnet-0ff24c494e81f0a0d",
            "ipv6_cidr_block": "",
            "ipv6_cidr_block_association_id": "",
            "ipv6_native": false,
            "map_customer_owned_ip_on_launch": false,
            "map_public_ip_on_launch": true,
            "outpost_arn": "",
            "owner_id": "137390111914",
            "private_dns_hostname_type_on_launch": "ip-name",
            "tags": {
              "Name": "sean-portfolio-public-1"
            },
            "tags_all": {
              "Name": "sean-portfolio-public-1"
            },
            "timeouts": null,
            "vpc_id": "vpc-0bb15c8f193d48da3"
          },
          "sensitive_attributes": [],
          "identity_schema_version": 0,
          "private": "eyJlMmJmYjczMC1lY2FhLTExZTYtOGY4OC0zNDM2M2JjN2M0YzAiOnsiY3JlYXRlIjo2MDAwMDAwMDAwMDAsImRlbGV0ZSI6MTIwMDAwMDAwMDAwMH0sInNjaGVtYV92ZXJzaW9uIjoiMSJ9",
          "dependencies": [
            "aws_vpc.main"
          ]
        }
      ]
    },
    {
      "mode": "managed",
      "type": "aws_vpc",
      "name": "main",
      "provider": "provider[\"registry.terraform.io/hashicorp/aws\"]",
      "instances": [
        {
          "schema_version": 1,
          "attributes": {
            "arn": "arn:aws:ec2:us-east-2:137390111914:vpc/vpc-0bb15c8f193d48da3",
            "assign_generated_ipv6_cidr_block": false,
            "cidr_block": "10.0.0.0/16",
            "default_network_acl_id": "acl-0eff7066304a08b98",
            "default_route_table_id": "rtb-0faa19127b3f47a4b",
            "default_security_group_id": "sg-07ea320b6227723bb",
            "dhcp_options_id": "dopt-072340e4fea74379d",
            "enable_dns_hostnames": false,
            "enable_dns_support": true,
            "enable_network_address_usage_metrics": false,
            "id": "vpc-0bb15c8f193d48da3",
            "instance_tenancy": "default",
            "ipv4_ipam_pool_id": null,
            "ipv4_netmask_length": null,
            "ipv6_association_id": "",
            "ipv6_cidr_block": "",
            "ipv6_cidr_block_network_border_group": "",
            "ipv6_ipam_pool_id": "",
            "ipv6_netmask_length": 0,
            "main_route_table_id": "rtb-0faa19127b3f47a4b",
            "owner_id": "137390111914",
            "tags": {
              "Name": "sean-portfolio-vpc"
            },
            "tags_all": {
              "Name": "sean-portfolio-vpc"
            }
          },
          "sensitive_attributes": [],
          "identity_schema_version": 0,
          "private": "eyJzY2hlbWFfdmVyc2lvbiI6IjEifQ=="
        }
      ]
    },
    {
      "mode": "managed",
      "type": "random_id",
      "name": "bucket_suffix",
      "provider": "provider[\"registry.terraform.io/hashicorp/random\"]",
      "instances": [
        {
          "schema_version": 0,
          "attributes": {
            "b64_std": "RUF/Kg==",
            "b64_url": "RUF_Kg",
            "byte_length": 4,
            "dec": "1161920298",
            "hex": "45417f2a",
            "id": "RUF_Kg",
            "keepers": null,
            "prefix": null
          },
          "sensitive_attributes": [],
          "identity_schema_version": 0
        }
      ]
    }
  ],
  "check_results": null
}
